
Microsoft Visual Studio Solution File, Format Version 11.00
# Visual Studio 2010
Project("{FAE04EC0-301F-11D3-BF4B-00C04F79EFBC}") = "TowerDefense_FINAL (1)", "Assembly-CSharp.csproj", "{D90C2230-628D-F502-A1AF-B1DD1728FB5A}"
EndProject
Project("{FAE04EC0-301F-11D3-BF4B-00C04F79EFBC}") = "TowerDefense_FINAL (1)", "Assembly-CSharp-firstpass.csproj", "{43E134B3-87D4-F432-5AFD-612B455CF2C2}"
EndProject
Project("{FAE04EC0-301F-11D3-BF4B-00C04F79EFBC}") = "TowerDefense_FINAL (1)", "Assembly-CSharp-Editor-firstpass.csproj", "{364A8F9D-0A92-D76D-567A-C73D2D7D3B24}"
EndProject
Project("{FAE04EC0-301F-11D3-BF4B-00C04F79EFBC}") = "TowerDefense_FINAL (1)", "Assembly-CSharp-Editor.csproj", "{509E403C-F622-DDE3-7895-0F5BE8EC4D34}"
EndProject
Global
	GlobalSection(SolutionConfigurationPlatforms) = preSolution
		Debug|Any CPU = Debug|Any CPU
		Release|Any CPU = Release|Any CPU
	EndGlobalSection
	GlobalSection(ProjectConfigurationPlatforms) = postSolution
		{D90C2230-628D-F502-A1AF-B1DD1728FB5A}.Debug|Any CPU.ActiveCfg = Debug|Any CPU
		{D90C2230-628D-F502-A1AF-B1DD1728FB5A}.Debug|Any CPU.Build.0 = Debug|Any CPU
		{D90C2230-628D-F502-A1AF-B1DD1728FB5A}.Release|Any CPU.ActiveCfg = Release|Any CPU
		{D90C2230-628D-F502-A1AF-B1DD1728FB5A}.Release|Any CPU.Build.0 = Release|Any CPU
		{43E134B3-87D4-F432-5AFD-612B455CF2C2}.Debug|Any CPU.ActiveCfg = Debug|Any CPU
		{43E134B3-87D4-F432-5AFD-612B455CF2C2}.Debug|Any CPU.Build.0 = Debug|Any CPU
		{43E134B3-87D4-F432-5AFD-612B455CF2C2}.Release|Any CPU.ActiveCfg = Release|Any CPU
		{43E134B3-87D4-F432-5AFD-612B455CF2C2}.Release|Any CPU.Build.0 = Release|Any CPU
		{364A8F9D-0A92-D76D-567A-C73D2D7D3B24}.Debug|Any CPU.ActiveCfg = Debug|Any CPU
		{364A8F9D-0A92-D76D-567A-C73D2D7D3B24}.Debug|Any CPU.Build.0 = Debug|Any CPU
		{364A8F9D-0A92-D76D-567A-C73D2D7D3B24}.Release|Any CPU.ActiveCfg = Release|Any CPU
		{364A8F9D-0A92-D76D-567A-C73D2D7D3B24}.Release|Any CPU.Build.0 = Release|Any CPU
		{509E403C-F622-DDE3-7895-0F5BE8EC4D34}.Debug|Any CPU.ActiveCfg = Debug|Any CPU
		{509E403C-F622-DDE3-7895-0F5BE8EC4D34}.Debug|Any CPU.Build.0 = Debug|Any CPU
		{509E403C-F622-DDE3-7895-0F5BE8EC4D34}.Release|Any CPU.ActiveCfg = Release|Any CPU
		{509E403C-F622-DDE3-7895-0F5BE8EC4D34}.Release|Any CPU.Build.0 = Release|Any CPU
	EndGlobalSection
	GlobalSection(SolutionProperties) = preSolution
		HideSolutionNode = FALSE
	EndGlobalSection
	GlobalSection(MonoDevelopProperties) = preSolution
		StartupItem = Assembly-CSharp.csproj
	EndGlobalSection
EndGlobal
